
Microsoft Visual Studio Solution File, Format Version 12.00
# Visual Studio Version 17
VisualStudioVersion = 17.0.32014.148
MinimumVisualStudioVersion = 10.0.40219.1
Project("{9A19103F-16F7-4668-BE54-9A1E7A4F7556}") = "Minio.Client", "Minio.Client\Minio.Client.csproj", "{B18A36D2-7DB7-4EF7-81E4-27D18E0472FF}"
EndProject
Project("{9A19103F-16F7-4668-BE54-9A1E7A4F7556}") = "Minio.Client.Test", "Minio.Client.Test\Minio.Client.Test.csproj", "{46DD730E-3DDA-4A68-BC43-583F1C8A4103}"
EndProject
Project("{FAE04EC0-301F-11D3-BF4B-00C04F79EFBC}") = "Minio.Client.Benchmark", "Minio.Client.Benchmark\Minio.Client.Benchmark.csproj", "{7C565DE8-9624-4942-BDDA-0965BE207D7F}"
EndProject
Global
	GlobalSection(SolutionConfigurationPlatforms) = preSolution
		Debug|Any CPU = Debug|Any CPU
		Release|Any CPU = Release|Any CPU
	EndGlobalSection
	GlobalSection(ProjectConfigurationPlatforms) = postSolution
		{B18A36D2-7DB7-4EF7-81E4-27D18E0472FF}.Debug|Any CPU.ActiveCfg = Debug|Any CPU
		{B18A36D2-7DB7-4EF7-81E4-27D18E0472FF}.Debug|Any CPU.Build.0 = Debug|Any CPU
		{B18A36D2-7DB7-4EF7-81E4-27D18E0472FF}.Release|Any CPU.ActiveCfg = Release|Any CPU
		{B18A36D2-7DB7-4EF7-81E4-27D18E0472FF}.Release|Any CPU.Build.0 = Release|Any CPU
		{46DD730E-3DDA-4A68-BC43-583F1C8A4103}.Debug|Any CPU.ActiveCfg = Debug|Any CPU
		{46DD730E-3DDA-4A68-BC43-583F1C8A4103}.Debug|Any CPU.Build.0 = Debug|Any CPU
		{46DD730E-3DDA-4A68-BC43-583F1C8A4103}.Release|Any CPU.ActiveCfg = Release|Any CPU
		{46DD730E-3DDA-4A68-BC43-583F1C8A4103}.Release|Any CPU.Build.0 = Release|Any CPU
		{7C565DE8-9624-4942-BDDA-0965BE207D7F}.Debug|Any CPU.ActiveCfg = Debug|Any CPU
		{7C565DE8-9624-4942-BDDA-0965BE207D7F}.Debug|Any CPU.Build.0 = Debug|Any CPU
		{7C565DE8-9624-4942-BDDA-0965BE207D7F}.Release|Any CPU.ActiveCfg = Release|Any CPU
		{7C565DE8-9624-4942-BDDA-0965BE207D7F}.Release|Any CPU.Build.0 = Release|Any CPU
	EndGlobalSection
	GlobalSection(SolutionProperties) = preSolution
		HideSolutionNode = FALSE
	EndGlobalSection
	GlobalSection(ExtensibilityGlobals) = postSolution
		SolutionGuid = {CE654A01-8DFD-4049-93E2-9CA1CDAB9FBB}
	EndGlobalSection
EndGlobal
