
Microsoft Visual Studio Solution File, Format Version 12.00
# Visual Studio Version 17
VisualStudioVersion = 17.0.32014.148
MinimumVisualStudioVersion = 10.0.40219.1
Project("{9A19103F-16F7-4668-BE54-9A1E7A4F7556}") = "Minio.Client.Http", "Minio.Client.Http\Minio.Client.Http.csproj", "{0A2D62E0-1288-4F47-A212-102184885A87}"
EndProject
Project("{9A19103F-16F7-4668-BE54-9A1E7A4F7556}") = "Minio.Client.Http.Test", "Minio.Client.Http.Test\Minio.Client.Http.Test.csproj", "{7BA0E72E-CC33-4DA5-98CD-A7E1944C6E4E}"
EndProject
Project("{9A19103F-16F7-4668-BE54-9A1E7A4F7556}") = "Minio.Client.Http.Benchmark", "Minio.Client.Http.Benchmark\Minio.Client.Http.Benchmark.csproj", "{869B8D5F-021E-4032-9DEB-F391DFEA6C77}"
EndProject
Global
	GlobalSection(SolutionConfigurationPlatforms) = preSolution
		Debug|Any CPU = Debug|Any CPU
		Release|Any CPU = Release|Any CPU
	EndGlobalSection
	GlobalSection(ProjectConfigurationPlatforms) = postSolution
		{0A2D62E0-1288-4F47-A212-102184885A87}.Debug|Any CPU.ActiveCfg = Debug|Any CPU
		{0A2D62E0-1288-4F47-A212-102184885A87}.Debug|Any CPU.Build.0 = Debug|Any CPU
		{0A2D62E0-1288-4F47-A212-102184885A87}.Release|Any CPU.ActiveCfg = Release|Any CPU
		{0A2D62E0-1288-4F47-A212-102184885A87}.Release|Any CPU.Build.0 = Release|Any CPU
		{7BA0E72E-CC33-4DA5-98CD-A7E1944C6E4E}.Debug|Any CPU.ActiveCfg = Debug|Any CPU
		{7BA0E72E-CC33-4DA5-98CD-A7E1944C6E4E}.Debug|Any CPU.Build.0 = Debug|Any CPU
		{7BA0E72E-CC33-4DA5-98CD-A7E1944C6E4E}.Release|Any CPU.ActiveCfg = Release|Any CPU
		{7BA0E72E-CC33-4DA5-98CD-A7E1944C6E4E}.Release|Any CPU.Build.0 = Release|Any CPU
		{869B8D5F-021E-4032-9DEB-F391DFEA6C77}.Debug|Any CPU.ActiveCfg = Debug|Any CPU
		{869B8D5F-021E-4032-9DEB-F391DFEA6C77}.Debug|Any CPU.Build.0 = Debug|Any CPU
		{869B8D5F-021E-4032-9DEB-F391DFEA6C77}.Release|Any CPU.ActiveCfg = Release|Any CPU
		{869B8D5F-021E-4032-9DEB-F391DFEA6C77}.Release|Any CPU.Build.0 = Release|Any CPU
	EndGlobalSection
	GlobalSection(SolutionProperties) = preSolution
		HideSolutionNode = FALSE
	EndGlobalSection
	GlobalSection(ExtensibilityGlobals) = postSolution
		SolutionGuid = {CE654A01-8DFD-4049-93E2-9CA1CDAB9FBB}
	EndGlobalSection
EndGlobal
